# This file is automatically @generated by Poetry 1.7.1 and should not be changed by hand.

[[package]]
name = "aliasedkeys"
version = "0.1.1"
description = ""
optional = false
python-versions = "<4.0,>=3.10"
files = [
    {file = "aliasedkeys-0.1.1-py3-none-any.whl", hash = "sha256:c4a605f651ee676a3ab142dbee593695c2da5d4d9f6f0e230246aea8398a0a39"},
    {file = "aliasedkeys-0.1.1.tar.gz", hash = "sha256:136fd993c38b3073d97b30d82afee3e235cf4a08a52e953e671cf9e4c748f0e3"},
]

[package.dependencies]
nonstring = ">=0.1.0"

[[package]]
name = "nonstring"
version = "0.3.0"
description = ""
optional = false
python-versions = "<4.0,>=3.10"
files = [
    {file = "nonstring-0.3.0-py3-none-any.whl", hash = "sha256:cda4dfe54488978186d336286d27e4a9c3b78ca4426465efcd86f8a08e29030e"},
    {file = "nonstring-0.3.0.tar.gz", hash = "sha256:987ee664208ef1163dcdc8fc6f2428f0ca9704db1ea1bd931c12699a4d078701"},
]

[metadata]
lock-version = "2.0"
python-versions = "^3.10"
content-hash = "ccc44bc95daa7ac27eb659f1cef2447782fc6f4a85aeb4bbf7baee29bf532796"
